
Microsoft Visual Studio Solution File, Format Version 12.00
# Visual Studio Version 16
VisualStudioVersion = 16.0.29509.3
MinimumVisualStudioVersion = 10.0.40219.1
Project("{FAE04EC0-301F-11D3-BF4B-00C04F79EFBC}") = "CarShop", "ConsoleApp1\CarShop.csproj", "{4706FE4B-9E4C-4A32-904F-D2D9B409C2BF}"
EndProject
Project("{FAE04EC0-301F-11D3-BF4B-00C04F79EFBC}") = "CarShopDLL", "CarShopDLL\CarShopDLL.csproj", "{1AB01558-4FED-41CF-BCE7-727D4089C884}"
EndProject
Global
	GlobalSection(SolutionConfigurationPlatforms) = preSolution
		Debug|Any CPU = Debug|Any CPU
		Release|Any CPU = Release|Any CPU
	EndGlobalSection
	GlobalSection(ProjectConfigurationPlatforms) = postSolution
		{4706FE4B-9E4C-4A32-904F-D2D9B409C2BF}.Debug|Any CPU.ActiveCfg = Debug|Any CPU
		{4706FE4B-9E4C-4A32-904F-D2D9B409C2BF}.Debug|Any CPU.Build.0 = Debug|Any CPU
		{4706FE4B-9E4C-4A32-904F-D2D9B409C2BF}.Release|Any CPU.ActiveCfg = Release|Any CPU
		{4706FE4B-9E4C-4A32-904F-D2D9B409C2BF}.Release|Any CPU.Build.0 = Release|Any CPU
		{1AB01558-4FED-41CF-BCE7-727D4089C884}.Debug|Any CPU.ActiveCfg = Debug|Any CPU
		{1AB01558-4FED-41CF-BCE7-727D4089C884}.Debug|Any CPU.Build.0 = Debug|Any CPU
		{1AB01558-4FED-41CF-BCE7-727D4089C884}.Release|Any CPU.ActiveCfg = Release|Any CPU
		{1AB01558-4FED-41CF-BCE7-727D4089C884}.Release|Any CPU.Build.0 = Release|Any CPU
	EndGlobalSection
	GlobalSection(SolutionProperties) = preSolution
		HideSolutionNode = FALSE
	EndGlobalSection
	GlobalSection(ExtensibilityGlobals) = postSolution
		SolutionGuid = {97B45EDC-DFC5-40EC-9B2C-7731E6B0685C}
	EndGlobalSection
EndGlobal
